
Microsoft Visual Studio Solution File, Format Version 12.00
# Visual Studio 15
VisualStudioVersion = 15.0.27004.2008
MinimumVisualStudioVersion = 10.0.40219.1
Project("{9A19103F-16F7-4668-BE54-9A1E7A4F7556}") = "Prime.Common", "Prime.Common\Prime.Common.csproj", "{C22EFECA-8587-4975-84EF-4BF59E768537}"
EndProject
Project("{9A19103F-16F7-4668-BE54-9A1E7A4F7556}") = "Prime.Utility", "Prime.Utility\Prime.Utility.csproj", "{18FBCF00-7E02-4357-97A0-4DC4B35F3F1D}"
EndProject
Project("{9A19103F-16F7-4668-BE54-9A1E7A4F7556}") = "Prime.Core", "Prime.Core\Prime.Core.csproj", "{B43D0D10-1C5A-4B7E-B331-AABD61BECCFC}"
EndProject
Project("{9A19103F-16F7-4668-BE54-9A1E7A4F7556}") = "Prime.Plugins", "Prime.Plugins\Prime.Plugins.csproj", "{A55B44E7-3DF6-4A03-B77B-43736E8A1AD5}"
EndProject
Global
	GlobalSection(SolutionConfigurationPlatforms) = preSolution
		All_Debug|Any CPU = All_Debug|Any CPU
		All_Debug|x64 = All_Debug|x64
		All_Debug|x86 = All_Debug|x86
		Debug|Any CPU = Debug|Any CPU
		Debug|x64 = Debug|x64
		Debug|x86 = Debug|x86
		Release (PDB)|Any CPU = Release (PDB)|Any CPU
		Release (PDB)|x64 = Release (PDB)|x64
		Release (PDB)|x86 = Release (PDB)|x86
		Release|Any CPU = Release|Any CPU
		Release|x64 = Release|x64
		Release|x86 = Release|x86
	EndGlobalSection
	GlobalSection(ProjectConfigurationPlatforms) = postSolution
		{C22EFECA-8587-4975-84EF-4BF59E768537}.All_Debug|Any CPU.ActiveCfg = All_Debug|Any CPU
		{C22EFECA-8587-4975-84EF-4BF59E768537}.All_Debug|Any CPU.Build.0 = All_Debug|Any CPU
		{C22EFECA-8587-4975-84EF-4BF59E768537}.All_Debug|x64.ActiveCfg = All_Debug|Any CPU
		{C22EFECA-8587-4975-84EF-4BF59E768537}.All_Debug|x64.Build.0 = All_Debug|Any CPU
		{C22EFECA-8587-4975-84EF-4BF59E768537}.All_Debug|x86.ActiveCfg = All_Debug|Any CPU
		{C22EFECA-8587-4975-84EF-4BF59E768537}.All_Debug|x86.Build.0 = All_Debug|Any CPU
		{C22EFECA-8587-4975-84EF-4BF59E768537}.Debug|Any CPU.ActiveCfg = Debug|Any CPU
		{C22EFECA-8587-4975-84EF-4BF59E768537}.Debug|Any CPU.Build.0 = Debug|Any CPU
		{C22EFECA-8587-4975-84EF-4BF59E768537}.Debug|x64.ActiveCfg = Debug|Any CPU
		{C22EFECA-8587-4975-84EF-4BF59E768537}.Debug|x64.Build.0 = Debug|Any CPU
		{C22EFECA-8587-4975-84EF-4BF59E768537}.Debug|x86.ActiveCfg = Debug|Any CPU
		{C22EFECA-8587-4975-84EF-4BF59E768537}.Debug|x86.Build.0 = Debug|Any CPU
		{C22EFECA-8587-4975-84EF-4BF59E768537}.Release (PDB)|Any CPU.ActiveCfg = Release|Any CPU
		{C22EFECA-8587-4975-84EF-4BF59E768537}.Release (PDB)|Any CPU.Build.0 = Release|Any CPU
		{C22EFECA-8587-4975-84EF-4BF59E768537}.Release (PDB)|x64.ActiveCfg = Release|Any CPU
		{C22EFECA-8587-4975-84EF-4BF59E768537}.Release (PDB)|x64.Build.0 = Release|Any CPU
		{C22EFECA-8587-4975-84EF-4BF59E768537}.Release (PDB)|x86.ActiveCfg = Release|Any CPU
		{C22EFECA-8587-4975-84EF-4BF59E768537}.Release (PDB)|x86.Build.0 = Release|Any CPU
		{C22EFECA-8587-4975-84EF-4BF59E768537}.Release|Any CPU.ActiveCfg = Release|Any CPU
		{C22EFECA-8587-4975-84EF-4BF59E768537}.Release|Any CPU.Build.0 = Release|Any CPU
		{C22EFECA-8587-4975-84EF-4BF59E768537}.Release|x64.ActiveCfg = Release|Any CPU
		{C22EFECA-8587-4975-84EF-4BF59E768537}.Release|x64.Build.0 = Release|Any CPU
		{C22EFECA-8587-4975-84EF-4BF59E768537}.Release|x86.ActiveCfg = Release|Any CPU
		{C22EFECA-8587-4975-84EF-4BF59E768537}.Release|x86.Build.0 = Release|Any CPU
		{18FBCF00-7E02-4357-97A0-4DC4B35F3F1D}.All_Debug|Any CPU.ActiveCfg = All_Debug|Any CPU
		{18FBCF00-7E02-4357-97A0-4DC4B35F3F1D}.All_Debug|Any CPU.Build.0 = All_Debug|Any CPU
		{18FBCF00-7E02-4357-97A0-4DC4B35F3F1D}.All_Debug|x64.ActiveCfg = All_Debug|Any CPU
		{18FBCF00-7E02-4357-97A0-4DC4B35F3F1D}.All_Debug|x64.Build.0 = All_Debug|Any CPU
		{18FBCF00-7E02-4357-97A0-4DC4B35F3F1D}.All_Debug|x86.ActiveCfg = All_Debug|Any CPU
		{18FBCF00-7E02-4357-97A0-4DC4B35F3F1D}.All_Debug|x86.Build.0 = All_Debug|Any CPU
		{18FBCF00-7E02-4357-97A0-4DC4B35F3F1D}.Debug|Any CPU.ActiveCfg = Debug|Any CPU
		{18FBCF00-7E02-4357-97A0-4DC4B35F3F1D}.Debug|Any CPU.Build.0 = Debug|Any CPU
		{18FBCF00-7E02-4357-97A0-4DC4B35F3F1D}.Debug|x64.ActiveCfg = Debug|Any CPU
		{18FBCF00-7E02-4357-97A0-4DC4B35F3F1D}.Debug|x64.Build.0 = Debug|Any CPU
		{18FBCF00-7E02-4357-97A0-4DC4B35F3F1D}.Debug|x86.ActiveCfg = Debug|Any CPU
		{18FBCF00-7E02-4357-97A0-4DC4B35F3F1D}.Debug|x86.Build.0 = Debug|Any CPU
		{18FBCF00-7E02-4357-97A0-4DC4B35F3F1D}.Release (PDB)|Any CPU.ActiveCfg = Release|Any CPU
		{18FBCF00-7E02-4357-97A0-4DC4B35F3F1D}.Release (PDB)|Any CPU.Build.0 = Release|Any CPU
		{18FBCF00-7E02-4357-97A0-4DC4B35F3F1D}.Release (PDB)|x64.ActiveCfg = Release|Any CPU
		{18FBCF00-7E02-4357-97A0-4DC4B35F3F1D}.Release (PDB)|x64.Build.0 = Release|Any CPU
		{18FBCF00-7E02-4357-97A0-4DC4B35F3F1D}.Release (PDB)|x86.ActiveCfg = Release|Any CPU
		{18FBCF00-7E02-4357-97A0-4DC4B35F3F1D}.Release (PDB)|x86.Build.0 = Release|Any CPU
		{18FBCF00-7E02-4357-97A0-4DC4B35F3F1D}.Release|Any CPU.ActiveCfg = Release|Any CPU
		{18FBCF00-7E02-4357-97A0-4DC4B35F3F1D}.Release|Any CPU.Build.0 = Release|Any CPU
		{18FBCF00-7E02-4357-97A0-4DC4B35F3F1D}.Release|x64.ActiveCfg = Release|Any CPU
		{18FBCF00-7E02-4357-97A0-4DC4B35F3F1D}.Release|x64.Build.0 = Release|Any CPU
		{18FBCF00-7E02-4357-97A0-4DC4B35F3F1D}.Release|x86.ActiveCfg = Release|Any CPU
		{18FBCF00-7E02-4357-97A0-4DC4B35F3F1D}.Release|x86.Build.0 = Release|Any CPU
		{B43D0D10-1C5A-4B7E-B331-AABD61BECCFC}.All_Debug|Any CPU.ActiveCfg = All_Debug|Any CPU
		{B43D0D10-1C5A-4B7E-B331-AABD61BECCFC}.All_Debug|Any CPU.Build.0 = All_Debug|Any CPU
		{B43D0D10-1C5A-4B7E-B331-AABD61BECCFC}.All_Debug|x64.ActiveCfg = All_Debug|Any CPU
		{B43D0D10-1C5A-4B7E-B331-AABD61BECCFC}.All_Debug|x64.Build.0 = All_Debug|Any CPU
		{B43D0D10-1C5A-4B7E-B331-AABD61BECCFC}.All_Debug|x86.ActiveCfg = All_Debug|Any CPU
		{B43D0D10-1C5A-4B7E-B331-AABD61BECCFC}.All_Debug|x86.Build.0 = All_Debug|Any CPU
		{B43D0D10-1C5A-4B7E-B331-AABD61BECCFC}.Debug|Any CPU.ActiveCfg = Debug|Any CPU
		{B43D0D10-1C5A-4B7E-B331-AABD61BECCFC}.Debug|Any CPU.Build.0 = Debug|Any CPU
		{B43D0D10-1C5A-4B7E-B331-AABD61BECCFC}.Debug|x64.ActiveCfg = Debug|Any CPU
		{B43D0D10-1C5A-4B7E-B331-AABD61BECCFC}.Debug|x64.Build.0 = Debug|Any CPU
		{B43D0D10-1C5A-4B7E-B331-AABD61BECCFC}.Debug|x86.ActiveCfg = Debug|Any CPU
		{B43D0D10-1C5A-4B7E-B331-AABD61BECCFC}.Debug|x86.Build.0 = Debug|Any CPU
		{B43D0D10-1C5A-4B7E-B331-AABD61BECCFC}.Release (PDB)|Any CPU.ActiveCfg = Release|Any CPU
		{B43D0D10-1C5A-4B7E-B331-AABD61BECCFC}.Release (PDB)|Any CPU.Build.0 = Release|Any CPU
		{B43D0D10-1C5A-4B7E-B331-AABD61BECCFC}.Release (PDB)|x64.ActiveCfg = Release|Any CPU
		{B43D0D10-1C5A-4B7E-B331-AABD61BECCFC}.Release (PDB)|x64.Build.0 = Release|Any CPU
		{B43D0D10-1C5A-4B7E-B331-AABD61BECCFC}.Release (PDB)|x86.ActiveCfg = Release|Any CPU
		{B43D0D10-1C5A-4B7E-B331-AABD61BECCFC}.Release (PDB)|x86.Build.0 = Release|Any CPU
		{B43D0D10-1C5A-4B7E-B331-AABD61BECCFC}.Release|Any CPU.ActiveCfg = Release|Any CPU
		{B43D0D10-1C5A-4B7E-B331-AABD61BECCFC}.Release|Any CPU.Build.0 = Release|Any CPU
		{B43D0D10-1C5A-4B7E-B331-AABD61BECCFC}.Release|x64.ActiveCfg = Release|Any CPU
		{B43D0D10-1C5A-4B7E-B331-AABD61BECCFC}.Release|x64.Build.0 = Release|Any CPU
		{B43D0D10-1C5A-4B7E-B331-AABD61BECCFC}.Release|x86.ActiveCfg = Release|Any CPU
		{B43D0D10-1C5A-4B7E-B331-AABD61BECCFC}.Release|x86.Build.0 = Release|Any CPU
		{A55B44E7-3DF6-4A03-B77B-43736E8A1AD5}.All_Debug|Any CPU.ActiveCfg = All_Debug|Any CPU
		{A55B44E7-3DF6-4A03-B77B-43736E8A1AD5}.All_Debug|Any CPU.Build.0 = All_Debug|Any CPU
		{A55B44E7-3DF6-4A03-B77B-43736E8A1AD5}.All_Debug|x64.ActiveCfg = All_Debug|Any CPU
		{A55B44E7-3DF6-4A03-B77B-43736E8A1AD5}.All_Debug|x64.Build.0 = All_Debug|Any CPU
		{A55B44E7-3DF6-4A03-B77B-43736E8A1AD5}.All_Debug|x86.ActiveCfg = All_Debug|Any CPU
		{A55B44E7-3DF6-4A03-B77B-43736E8A1AD5}.All_Debug|x86.Build.0 = All_Debug|Any CPU
		{A55B44E7-3DF6-4A03-B77B-43736E8A1AD5}.Debug|Any CPU.ActiveCfg = Debug|Any CPU
		{A55B44E7-3DF6-4A03-B77B-43736E8A1AD5}.Debug|Any CPU.Build.0 = Debug|Any CPU
		{A55B44E7-3DF6-4A03-B77B-43736E8A1AD5}.Debug|x64.ActiveCfg = Debug|Any CPU
		{A55B44E7-3DF6-4A03-B77B-43736E8A1AD5}.Debug|x64.Build.0 = Debug|Any CPU
		{A55B44E7-3DF6-4A03-B77B-43736E8A1AD5}.Debug|x86.ActiveCfg = Debug|Any CPU
		{A55B44E7-3DF6-4A03-B77B-43736E8A1AD5}.Debug|x86.Build.0 = Debug|Any CPU
		{A55B44E7-3DF6-4A03-B77B-43736E8A1AD5}.Release (PDB)|Any CPU.ActiveCfg = Release|Any CPU
		{A55B44E7-3DF6-4A03-B77B-43736E8A1AD5}.Release (PDB)|Any CPU.Build.0 = Release|Any CPU
		{A55B44E7-3DF6-4A03-B77B-43736E8A1AD5}.Release (PDB)|x64.ActiveCfg = Release|Any CPU
		{A55B44E7-3DF6-4A03-B77B-43736E8A1AD5}.Release (PDB)|x64.Build.0 = Release|Any CPU
		{A55B44E7-3DF6-4A03-B77B-43736E8A1AD5}.Release (PDB)|x86.ActiveCfg = Release|Any CPU
		{A55B44E7-3DF6-4A03-B77B-43736E8A1AD5}.Release (PDB)|x86.Build.0 = Release|Any CPU
		{A55B44E7-3DF6-4A03-B77B-43736E8A1AD5}.Release|Any CPU.ActiveCfg = Release|Any CPU
		{A55B44E7-3DF6-4A03-B77B-43736E8A1AD5}.Release|Any CPU.Build.0 = Release|Any CPU
		{A55B44E7-3DF6-4A03-B77B-43736E8A1AD5}.Release|x64.ActiveCfg = Release|Any CPU
		{A55B44E7-3DF6-4A03-B77B-43736E8A1AD5}.Release|x64.Build.0 = Release|Any CPU
		{A55B44E7-3DF6-4A03-B77B-43736E8A1AD5}.Release|x86.ActiveCfg = Release|Any CPU
		{A55B44E7-3DF6-4A03-B77B-43736E8A1AD5}.Release|x86.Build.0 = Release|Any CPU
	EndGlobalSection
	GlobalSection(SolutionProperties) = preSolution
		HideSolutionNode = FALSE
	EndGlobalSection
	GlobalSection(ExtensibilityGlobals) = postSolution
		SolutionGuid = {B121BD0B-ADD0-49A0-AB12-10C5C75250CF}
	EndGlobalSection
EndGlobal
