
Microsoft Visual Studio Solution File, Format Version 12.00
# Visual Studio 15
VisualStudioVersion = 15.0.27004.2002
MinimumVisualStudioVersion = 10.0.40219.1
Project("{FAE04EC0-301F-11D3-BF4B-00C04F79EFBC}") = "Prime.Ui.Wpf", "Prime.Ui\Wpf\Prime.Ui.Wpf.csproj", "{9C573AEB-88D5-49C6-89FA-307758EC2FD3}"
EndProject
Project("{FAE04EC0-301F-11D3-BF4B-00C04F79EFBC}") = "Prime.TestConsole", "Prime.TestConsole\Prime.TestConsole.csproj", "{8608A197-DB55-496C-9C72-7F29E11A55F9}"
EndProject
Project("{9A19103F-16F7-4668-BE54-9A1E7A4F7556}") = "Prime.Common", "Prime.Common\Prime.Common.csproj", "{C22EFECA-8587-4975-84EF-4BF59E768537}"
EndProject
Project("{2150E333-8FDC-42A3-9474-1A3956D46DE8}") = "Win", "Win", "{67E20A75-0CCC-4DD8-BCF8-831D76A916C6}"
EndProject
Project("{9A19103F-16F7-4668-BE54-9A1E7A4F7556}") = "Prime.Utility", "Prime.Utility\Prime.Utility.csproj", "{18FBCF00-7E02-4357-97A0-4DC4B35F3F1D}"
EndProject
Project("{9A19103F-16F7-4668-BE54-9A1E7A4F7556}") = "Prime.Core", "Prime.Core\Prime.Core.csproj", "{B43D0D10-1C5A-4B7E-B331-AABD61BECCFC}"
EndProject
Project("{9A19103F-16F7-4668-BE54-9A1E7A4F7556}") = "Prime.Plugins", "Prime.Plugins\Prime.Plugins.csproj", "{A55B44E7-3DF6-4A03-B77B-43736E8A1AD5}"
EndProject
Project("{FAE04EC0-301F-11D3-BF4B-00C04F79EFBC}") = "Prime.Utility.Win", "Prime.Utility.Win\Prime.Utility.Win.csproj", "{5BA0588E-12CA-470A-8FB1-2D581E63A17C}"
EndProject
Project("{FAE04EC0-301F-11D3-BF4B-00C04F79EFBC}") = "Prime.Tests", "Prime.Tests\Prime.Tests.csproj", "{115F0E07-07D9-48F0-8B2C-FAC307DF9012}"
EndProject
Global
	GlobalSection(SolutionConfigurationPlatforms) = preSolution
		Debug_NoCache|Any CPU = Debug_NoCache|Any CPU
		Debug_NoCache|x64 = Debug_NoCache|x64
		Debug_NoCache|x86 = Debug_NoCache|x86
		Debug|Any CPU = Debug|Any CPU
		Debug|x64 = Debug|x64
		Debug|x86 = Debug|x86
		Release (PDB)|Any CPU = Release (PDB)|Any CPU
		Release (PDB)|x64 = Release (PDB)|x64
		Release (PDB)|x86 = Release (PDB)|x86
		Release|Any CPU = Release|Any CPU
		Release|x64 = Release|x64
		Release|x86 = Release|x86
	EndGlobalSection
	GlobalSection(ProjectConfigurationPlatforms) = postSolution
		{9C573AEB-88D5-49C6-89FA-307758EC2FD3}.Debug_NoCache|Any CPU.ActiveCfg = Debug|Any CPU
		{9C573AEB-88D5-49C6-89FA-307758EC2FD3}.Debug_NoCache|Any CPU.Build.0 = Debug|Any CPU
		{9C573AEB-88D5-49C6-89FA-307758EC2FD3}.Debug_NoCache|x64.ActiveCfg = Debug|Any CPU
		{9C573AEB-88D5-49C6-89FA-307758EC2FD3}.Debug_NoCache|x64.Build.0 = Debug|Any CPU
		{9C573AEB-88D5-49C6-89FA-307758EC2FD3}.Debug_NoCache|x86.ActiveCfg = Debug|Any CPU
		{9C573AEB-88D5-49C6-89FA-307758EC2FD3}.Debug_NoCache|x86.Build.0 = Debug|Any CPU
		{9C573AEB-88D5-49C6-89FA-307758EC2FD3}.Debug|Any CPU.ActiveCfg = Debug|Any CPU
		{9C573AEB-88D5-49C6-89FA-307758EC2FD3}.Debug|Any CPU.Build.0 = Debug|Any CPU
		{9C573AEB-88D5-49C6-89FA-307758EC2FD3}.Debug|x64.ActiveCfg = Debug|Any CPU
		{9C573AEB-88D5-49C6-89FA-307758EC2FD3}.Debug|x64.Build.0 = Debug|Any CPU
		{9C573AEB-88D5-49C6-89FA-307758EC2FD3}.Debug|x86.ActiveCfg = Debug|Any CPU
		{9C573AEB-88D5-49C6-89FA-307758EC2FD3}.Debug|x86.Build.0 = Debug|Any CPU
		{9C573AEB-88D5-49C6-89FA-307758EC2FD3}.Release (PDB)|Any CPU.ActiveCfg = Release|Any CPU
		{9C573AEB-88D5-49C6-89FA-307758EC2FD3}.Release (PDB)|Any CPU.Build.0 = Release|Any CPU
		{9C573AEB-88D5-49C6-89FA-307758EC2FD3}.Release (PDB)|x64.ActiveCfg = Release|Any CPU
		{9C573AEB-88D5-49C6-89FA-307758EC2FD3}.Release (PDB)|x64.Build.0 = Release|Any CPU
		{9C573AEB-88D5-49C6-89FA-307758EC2FD3}.Release (PDB)|x86.ActiveCfg = Release|Any CPU
		{9C573AEB-88D5-49C6-89FA-307758EC2FD3}.Release (PDB)|x86.Build.0 = Release|Any CPU
		{9C573AEB-88D5-49C6-89FA-307758EC2FD3}.Release|Any CPU.ActiveCfg = Release|Any CPU
		{9C573AEB-88D5-49C6-89FA-307758EC2FD3}.Release|Any CPU.Build.0 = Release|Any CPU
		{9C573AEB-88D5-49C6-89FA-307758EC2FD3}.Release|x64.ActiveCfg = Release|Any CPU
		{9C573AEB-88D5-49C6-89FA-307758EC2FD3}.Release|x64.Build.0 = Release|Any CPU
		{9C573AEB-88D5-49C6-89FA-307758EC2FD3}.Release|x86.ActiveCfg = Release|Any CPU
		{9C573AEB-88D5-49C6-89FA-307758EC2FD3}.Release|x86.Build.0 = Release|Any CPU
		{8608A197-DB55-496C-9C72-7F29E11A55F9}.Debug_NoCache|Any CPU.ActiveCfg = Debug|Any CPU
		{8608A197-DB55-496C-9C72-7F29E11A55F9}.Debug_NoCache|Any CPU.Build.0 = Debug|Any CPU
		{8608A197-DB55-496C-9C72-7F29E11A55F9}.Debug_NoCache|x64.ActiveCfg = Debug|Any CPU
		{8608A197-DB55-496C-9C72-7F29E11A55F9}.Debug_NoCache|x64.Build.0 = Debug|Any CPU
		{8608A197-DB55-496C-9C72-7F29E11A55F9}.Debug_NoCache|x86.ActiveCfg = Debug|Any CPU
		{8608A197-DB55-496C-9C72-7F29E11A55F9}.Debug_NoCache|x86.Build.0 = Debug|Any CPU
		{8608A197-DB55-496C-9C72-7F29E11A55F9}.Debug|Any CPU.ActiveCfg = Debug|Any CPU
		{8608A197-DB55-496C-9C72-7F29E11A55F9}.Debug|Any CPU.Build.0 = Debug|Any CPU
		{8608A197-DB55-496C-9C72-7F29E11A55F9}.Debug|x64.ActiveCfg = Debug|Any CPU
		{8608A197-DB55-496C-9C72-7F29E11A55F9}.Debug|x64.Build.0 = Debug|Any CPU
		{8608A197-DB55-496C-9C72-7F29E11A55F9}.Debug|x86.ActiveCfg = Debug|Any CPU
		{8608A197-DB55-496C-9C72-7F29E11A55F9}.Debug|x86.Build.0 = Debug|Any CPU
		{8608A197-DB55-496C-9C72-7F29E11A55F9}.Release (PDB)|Any CPU.ActiveCfg = Release|Any CPU
		{8608A197-DB55-496C-9C72-7F29E11A55F9}.Release (PDB)|Any CPU.Build.0 = Release|Any CPU
		{8608A197-DB55-496C-9C72-7F29E11A55F9}.Release (PDB)|x64.ActiveCfg = Release|Any CPU
		{8608A197-DB55-496C-9C72-7F29E11A55F9}.Release (PDB)|x64.Build.0 = Release|Any CPU
		{8608A197-DB55-496C-9C72-7F29E11A55F9}.Release (PDB)|x86.ActiveCfg = Release|Any CPU
		{8608A197-DB55-496C-9C72-7F29E11A55F9}.Release (PDB)|x86.Build.0 = Release|Any CPU
		{8608A197-DB55-496C-9C72-7F29E11A55F9}.Release|Any CPU.ActiveCfg = Release|Any CPU
		{8608A197-DB55-496C-9C72-7F29E11A55F9}.Release|Any CPU.Build.0 = Release|Any CPU
		{8608A197-DB55-496C-9C72-7F29E11A55F9}.Release|x64.ActiveCfg = Release|Any CPU
		{8608A197-DB55-496C-9C72-7F29E11A55F9}.Release|x64.Build.0 = Release|Any CPU
		{8608A197-DB55-496C-9C72-7F29E11A55F9}.Release|x86.ActiveCfg = Release|Any CPU
		{8608A197-DB55-496C-9C72-7F29E11A55F9}.Release|x86.Build.0 = Release|Any CPU
		{C22EFECA-8587-4975-84EF-4BF59E768537}.Debug_NoCache|Any CPU.ActiveCfg = Debug|Any CPU
		{C22EFECA-8587-4975-84EF-4BF59E768537}.Debug_NoCache|Any CPU.Build.0 = Debug|Any CPU
		{C22EFECA-8587-4975-84EF-4BF59E768537}.Debug_NoCache|x64.ActiveCfg = Debug|Any CPU
		{C22EFECA-8587-4975-84EF-4BF59E768537}.Debug_NoCache|x64.Build.0 = Debug|Any CPU
		{C22EFECA-8587-4975-84EF-4BF59E768537}.Debug_NoCache|x86.ActiveCfg = Debug|Any CPU
		{C22EFECA-8587-4975-84EF-4BF59E768537}.Debug_NoCache|x86.Build.0 = Debug|Any CPU
		{C22EFECA-8587-4975-84EF-4BF59E768537}.Debug|Any CPU.ActiveCfg = Debug|Any CPU
		{C22EFECA-8587-4975-84EF-4BF59E768537}.Debug|Any CPU.Build.0 = Debug|Any CPU
		{C22EFECA-8587-4975-84EF-4BF59E768537}.Debug|x64.ActiveCfg = Debug|Any CPU
		{C22EFECA-8587-4975-84EF-4BF59E768537}.Debug|x64.Build.0 = Debug|Any CPU
		{C22EFECA-8587-4975-84EF-4BF59E768537}.Debug|x86.ActiveCfg = Debug|Any CPU
		{C22EFECA-8587-4975-84EF-4BF59E768537}.Debug|x86.Build.0 = Debug|Any CPU
		{C22EFECA-8587-4975-84EF-4BF59E768537}.Release (PDB)|Any CPU.ActiveCfg = Release|Any CPU
		{C22EFECA-8587-4975-84EF-4BF59E768537}.Release (PDB)|Any CPU.Build.0 = Release|Any CPU
		{C22EFECA-8587-4975-84EF-4BF59E768537}.Release (PDB)|x64.ActiveCfg = Release|Any CPU
		{C22EFECA-8587-4975-84EF-4BF59E768537}.Release (PDB)|x64.Build.0 = Release|Any CPU
		{C22EFECA-8587-4975-84EF-4BF59E768537}.Release (PDB)|x86.ActiveCfg = Release|Any CPU
		{C22EFECA-8587-4975-84EF-4BF59E768537}.Release (PDB)|x86.Build.0 = Release|Any CPU
		{C22EFECA-8587-4975-84EF-4BF59E768537}.Release|Any CPU.ActiveCfg = Release|Any CPU
		{C22EFECA-8587-4975-84EF-4BF59E768537}.Release|Any CPU.Build.0 = Release|Any CPU
		{C22EFECA-8587-4975-84EF-4BF59E768537}.Release|x64.ActiveCfg = Release|Any CPU
		{C22EFECA-8587-4975-84EF-4BF59E768537}.Release|x64.Build.0 = Release|Any CPU
		{C22EFECA-8587-4975-84EF-4BF59E768537}.Release|x86.ActiveCfg = Release|Any CPU
		{C22EFECA-8587-4975-84EF-4BF59E768537}.Release|x86.Build.0 = Release|Any CPU
		{18FBCF00-7E02-4357-97A0-4DC4B35F3F1D}.Debug_NoCache|Any CPU.ActiveCfg = Debug|Any CPU
		{18FBCF00-7E02-4357-97A0-4DC4B35F3F1D}.Debug_NoCache|Any CPU.Build.0 = Debug|Any CPU
		{18FBCF00-7E02-4357-97A0-4DC4B35F3F1D}.Debug_NoCache|x64.ActiveCfg = Debug|Any CPU
		{18FBCF00-7E02-4357-97A0-4DC4B35F3F1D}.Debug_NoCache|x64.Build.0 = Debug|Any CPU
		{18FBCF00-7E02-4357-97A0-4DC4B35F3F1D}.Debug_NoCache|x86.ActiveCfg = Debug|Any CPU
		{18FBCF00-7E02-4357-97A0-4DC4B35F3F1D}.Debug_NoCache|x86.Build.0 = Debug|Any CPU
		{18FBCF00-7E02-4357-97A0-4DC4B35F3F1D}.Debug|Any CPU.ActiveCfg = Debug|Any CPU
		{18FBCF00-7E02-4357-97A0-4DC4B35F3F1D}.Debug|Any CPU.Build.0 = Debug|Any CPU
		{18FBCF00-7E02-4357-97A0-4DC4B35F3F1D}.Debug|x64.ActiveCfg = Debug|Any CPU
		{18FBCF00-7E02-4357-97A0-4DC4B35F3F1D}.Debug|x64.Build.0 = Debug|Any CPU
		{18FBCF00-7E02-4357-97A0-4DC4B35F3F1D}.Debug|x86.ActiveCfg = Debug|Any CPU
		{18FBCF00-7E02-4357-97A0-4DC4B35F3F1D}.Debug|x86.Build.0 = Debug|Any CPU
		{18FBCF00-7E02-4357-97A0-4DC4B35F3F1D}.Release (PDB)|Any CPU.ActiveCfg = Release|Any CPU
		{18FBCF00-7E02-4357-97A0-4DC4B35F3F1D}.Release (PDB)|Any CPU.Build.0 = Release|Any CPU
		{18FBCF00-7E02-4357-97A0-4DC4B35F3F1D}.Release (PDB)|x64.ActiveCfg = Release|Any CPU
		{18FBCF00-7E02-4357-97A0-4DC4B35F3F1D}.Release (PDB)|x64.Build.0 = Release|Any CPU
		{18FBCF00-7E02-4357-97A0-4DC4B35F3F1D}.Release (PDB)|x86.ActiveCfg = Release|Any CPU
		{18FBCF00-7E02-4357-97A0-4DC4B35F3F1D}.Release (PDB)|x86.Build.0 = Release|Any CPU
		{18FBCF00-7E02-4357-97A0-4DC4B35F3F1D}.Release|Any CPU.ActiveCfg = Release|Any CPU
		{18FBCF00-7E02-4357-97A0-4DC4B35F3F1D}.Release|Any CPU.Build.0 = Release|Any CPU
		{18FBCF00-7E02-4357-97A0-4DC4B35F3F1D}.Release|x64.ActiveCfg = Release|Any CPU
		{18FBCF00-7E02-4357-97A0-4DC4B35F3F1D}.Release|x64.Build.0 = Release|Any CPU
		{18FBCF00-7E02-4357-97A0-4DC4B35F3F1D}.Release|x86.ActiveCfg = Release|Any CPU
		{18FBCF00-7E02-4357-97A0-4DC4B35F3F1D}.Release|x86.Build.0 = Release|Any CPU
		{B43D0D10-1C5A-4B7E-B331-AABD61BECCFC}.Debug_NoCache|Any CPU.ActiveCfg = Debug|Any CPU
		{B43D0D10-1C5A-4B7E-B331-AABD61BECCFC}.Debug_NoCache|Any CPU.Build.0 = Debug|Any CPU
		{B43D0D10-1C5A-4B7E-B331-AABD61BECCFC}.Debug_NoCache|x64.ActiveCfg = Debug|Any CPU
		{B43D0D10-1C5A-4B7E-B331-AABD61BECCFC}.Debug_NoCache|x64.Build.0 = Debug|Any CPU
		{B43D0D10-1C5A-4B7E-B331-AABD61BECCFC}.Debug_NoCache|x86.ActiveCfg = Debug|Any CPU
		{B43D0D10-1C5A-4B7E-B331-AABD61BECCFC}.Debug_NoCache|x86.Build.0 = Debug|Any CPU
		{B43D0D10-1C5A-4B7E-B331-AABD61BECCFC}.Debug|Any CPU.ActiveCfg = Debug|Any CPU
		{B43D0D10-1C5A-4B7E-B331-AABD61BECCFC}.Debug|Any CPU.Build.0 = Debug|Any CPU
		{B43D0D10-1C5A-4B7E-B331-AABD61BECCFC}.Debug|x64.ActiveCfg = Debug|Any CPU
		{B43D0D10-1C5A-4B7E-B331-AABD61BECCFC}.Debug|x64.Build.0 = Debug|Any CPU
		{B43D0D10-1C5A-4B7E-B331-AABD61BECCFC}.Debug|x86.ActiveCfg = Debug|Any CPU
		{B43D0D10-1C5A-4B7E-B331-AABD61BECCFC}.Debug|x86.Build.0 = Debug|Any CPU
		{B43D0D10-1C5A-4B7E-B331-AABD61BECCFC}.Release (PDB)|Any CPU.ActiveCfg = Release|Any CPU
		{B43D0D10-1C5A-4B7E-B331-AABD61BECCFC}.Release (PDB)|Any CPU.Build.0 = Release|Any CPU
		{B43D0D10-1C5A-4B7E-B331-AABD61BECCFC}.Release (PDB)|x64.ActiveCfg = Release|Any CPU
		{B43D0D10-1C5A-4B7E-B331-AABD61BECCFC}.Release (PDB)|x64.Build.0 = Release|Any CPU
		{B43D0D10-1C5A-4B7E-B331-AABD61BECCFC}.Release (PDB)|x86.ActiveCfg = Release|Any CPU
		{B43D0D10-1C5A-4B7E-B331-AABD61BECCFC}.Release (PDB)|x86.Build.0 = Release|Any CPU
		{B43D0D10-1C5A-4B7E-B331-AABD61BECCFC}.Release|Any CPU.ActiveCfg = Release|Any CPU
		{B43D0D10-1C5A-4B7E-B331-AABD61BECCFC}.Release|Any CPU.Build.0 = Release|Any CPU
		{B43D0D10-1C5A-4B7E-B331-AABD61BECCFC}.Release|x64.ActiveCfg = Release|Any CPU
		{B43D0D10-1C5A-4B7E-B331-AABD61BECCFC}.Release|x64.Build.0 = Release|Any CPU
		{B43D0D10-1C5A-4B7E-B331-AABD61BECCFC}.Release|x86.ActiveCfg = Release|Any CPU
		{B43D0D10-1C5A-4B7E-B331-AABD61BECCFC}.Release|x86.Build.0 = Release|Any CPU
		{A55B44E7-3DF6-4A03-B77B-43736E8A1AD5}.Debug_NoCache|Any CPU.ActiveCfg = Debug|Any CPU
		{A55B44E7-3DF6-4A03-B77B-43736E8A1AD5}.Debug_NoCache|Any CPU.Build.0 = Debug|Any CPU
		{A55B44E7-3DF6-4A03-B77B-43736E8A1AD5}.Debug_NoCache|x64.ActiveCfg = Debug|Any CPU
		{A55B44E7-3DF6-4A03-B77B-43736E8A1AD5}.Debug_NoCache|x64.Build.0 = Debug|Any CPU
		{A55B44E7-3DF6-4A03-B77B-43736E8A1AD5}.Debug_NoCache|x86.ActiveCfg = Debug|Any CPU
		{A55B44E7-3DF6-4A03-B77B-43736E8A1AD5}.Debug_NoCache|x86.Build.0 = Debug|Any CPU
		{A55B44E7-3DF6-4A03-B77B-43736E8A1AD5}.Debug|Any CPU.ActiveCfg = Debug|Any CPU
		{A55B44E7-3DF6-4A03-B77B-43736E8A1AD5}.Debug|Any CPU.Build.0 = Debug|Any CPU
		{A55B44E7-3DF6-4A03-B77B-43736E8A1AD5}.Debug|x64.ActiveCfg = Debug|Any CPU
		{A55B44E7-3DF6-4A03-B77B-43736E8A1AD5}.Debug|x64.Build.0 = Debug|Any CPU
		{A55B44E7-3DF6-4A03-B77B-43736E8A1AD5}.Debug|x86.ActiveCfg = Debug|Any CPU
		{A55B44E7-3DF6-4A03-B77B-43736E8A1AD5}.Debug|x86.Build.0 = Debug|Any CPU
		{A55B44E7-3DF6-4A03-B77B-43736E8A1AD5}.Release (PDB)|Any CPU.ActiveCfg = Release|Any CPU
		{A55B44E7-3DF6-4A03-B77B-43736E8A1AD5}.Release (PDB)|Any CPU.Build.0 = Release|Any CPU
		{A55B44E7-3DF6-4A03-B77B-43736E8A1AD5}.Release (PDB)|x64.ActiveCfg = Release|Any CPU
		{A55B44E7-3DF6-4A03-B77B-43736E8A1AD5}.Release (PDB)|x64.Build.0 = Release|Any CPU
		{A55B44E7-3DF6-4A03-B77B-43736E8A1AD5}.Release (PDB)|x86.ActiveCfg = Release|Any CPU
		{A55B44E7-3DF6-4A03-B77B-43736E8A1AD5}.Release (PDB)|x86.Build.0 = Release|Any CPU
		{A55B44E7-3DF6-4A03-B77B-43736E8A1AD5}.Release|Any CPU.ActiveCfg = Release|Any CPU
		{A55B44E7-3DF6-4A03-B77B-43736E8A1AD5}.Release|Any CPU.Build.0 = Release|Any CPU
		{A55B44E7-3DF6-4A03-B77B-43736E8A1AD5}.Release|x64.ActiveCfg = Release|Any CPU
		{A55B44E7-3DF6-4A03-B77B-43736E8A1AD5}.Release|x64.Build.0 = Release|Any CPU
		{A55B44E7-3DF6-4A03-B77B-43736E8A1AD5}.Release|x86.ActiveCfg = Release|Any CPU
		{A55B44E7-3DF6-4A03-B77B-43736E8A1AD5}.Release|x86.Build.0 = Release|Any CPU
		{5BA0588E-12CA-470A-8FB1-2D581E63A17C}.Debug_NoCache|Any CPU.ActiveCfg = Debug|Any CPU
		{5BA0588E-12CA-470A-8FB1-2D581E63A17C}.Debug_NoCache|Any CPU.Build.0 = Debug|Any CPU
		{5BA0588E-12CA-470A-8FB1-2D581E63A17C}.Debug_NoCache|x64.ActiveCfg = Debug|Any CPU
		{5BA0588E-12CA-470A-8FB1-2D581E63A17C}.Debug_NoCache|x64.Build.0 = Debug|Any CPU
		{5BA0588E-12CA-470A-8FB1-2D581E63A17C}.Debug_NoCache|x86.ActiveCfg = Debug|Any CPU
		{5BA0588E-12CA-470A-8FB1-2D581E63A17C}.Debug_NoCache|x86.Build.0 = Debug|Any CPU
		{5BA0588E-12CA-470A-8FB1-2D581E63A17C}.Debug|Any CPU.ActiveCfg = Debug|Any CPU
		{5BA0588E-12CA-470A-8FB1-2D581E63A17C}.Debug|Any CPU.Build.0 = Debug|Any CPU
		{5BA0588E-12CA-470A-8FB1-2D581E63A17C}.Debug|x64.ActiveCfg = Debug|Any CPU
		{5BA0588E-12CA-470A-8FB1-2D581E63A17C}.Debug|x64.Build.0 = Debug|Any CPU
		{5BA0588E-12CA-470A-8FB1-2D581E63A17C}.Debug|x86.ActiveCfg = Debug|Any CPU
		{5BA0588E-12CA-470A-8FB1-2D581E63A17C}.Debug|x86.Build.0 = Debug|Any CPU
		{5BA0588E-12CA-470A-8FB1-2D581E63A17C}.Release (PDB)|Any CPU.ActiveCfg = Release|Any CPU
		{5BA0588E-12CA-470A-8FB1-2D581E63A17C}.Release (PDB)|Any CPU.Build.0 = Release|Any CPU
		{5BA0588E-12CA-470A-8FB1-2D581E63A17C}.Release (PDB)|x64.ActiveCfg = Release|Any CPU
		{5BA0588E-12CA-470A-8FB1-2D581E63A17C}.Release (PDB)|x64.Build.0 = Release|Any CPU
		{5BA0588E-12CA-470A-8FB1-2D581E63A17C}.Release (PDB)|x86.ActiveCfg = Release|Any CPU
		{5BA0588E-12CA-470A-8FB1-2D581E63A17C}.Release (PDB)|x86.Build.0 = Release|Any CPU
		{5BA0588E-12CA-470A-8FB1-2D581E63A17C}.Release|Any CPU.ActiveCfg = Release|Any CPU
		{5BA0588E-12CA-470A-8FB1-2D581E63A17C}.Release|Any CPU.Build.0 = Release|Any CPU
		{5BA0588E-12CA-470A-8FB1-2D581E63A17C}.Release|x64.ActiveCfg = Release|Any CPU
		{5BA0588E-12CA-470A-8FB1-2D581E63A17C}.Release|x64.Build.0 = Release|Any CPU
		{5BA0588E-12CA-470A-8FB1-2D581E63A17C}.Release|x86.ActiveCfg = Release|Any CPU
		{5BA0588E-12CA-470A-8FB1-2D581E63A17C}.Release|x86.Build.0 = Release|Any CPU
		{115F0E07-07D9-48F0-8B2C-FAC307DF9012}.Debug_NoCache|Any CPU.ActiveCfg = Debug|Any CPU
		{115F0E07-07D9-48F0-8B2C-FAC307DF9012}.Debug_NoCache|Any CPU.Build.0 = Debug|Any CPU
		{115F0E07-07D9-48F0-8B2C-FAC307DF9012}.Debug_NoCache|x64.ActiveCfg = Debug|Any CPU
		{115F0E07-07D9-48F0-8B2C-FAC307DF9012}.Debug_NoCache|x64.Build.0 = Debug|Any CPU
		{115F0E07-07D9-48F0-8B2C-FAC307DF9012}.Debug_NoCache|x86.ActiveCfg = Debug|Any CPU
		{115F0E07-07D9-48F0-8B2C-FAC307DF9012}.Debug_NoCache|x86.Build.0 = Debug|Any CPU
		{115F0E07-07D9-48F0-8B2C-FAC307DF9012}.Debug|Any CPU.ActiveCfg = Debug|Any CPU
		{115F0E07-07D9-48F0-8B2C-FAC307DF9012}.Debug|Any CPU.Build.0 = Debug|Any CPU
		{115F0E07-07D9-48F0-8B2C-FAC307DF9012}.Debug|x64.ActiveCfg = Debug|Any CPU
		{115F0E07-07D9-48F0-8B2C-FAC307DF9012}.Debug|x64.Build.0 = Debug|Any CPU
		{115F0E07-07D9-48F0-8B2C-FAC307DF9012}.Debug|x86.ActiveCfg = Debug|Any CPU
		{115F0E07-07D9-48F0-8B2C-FAC307DF9012}.Debug|x86.Build.0 = Debug|Any CPU
		{115F0E07-07D9-48F0-8B2C-FAC307DF9012}.Release (PDB)|Any CPU.ActiveCfg = Release|Any CPU
		{115F0E07-07D9-48F0-8B2C-FAC307DF9012}.Release (PDB)|Any CPU.Build.0 = Release|Any CPU
		{115F0E07-07D9-48F0-8B2C-FAC307DF9012}.Release (PDB)|x64.ActiveCfg = Release|Any CPU
		{115F0E07-07D9-48F0-8B2C-FAC307DF9012}.Release (PDB)|x64.Build.0 = Release|Any CPU
		{115F0E07-07D9-48F0-8B2C-FAC307DF9012}.Release (PDB)|x86.ActiveCfg = Release|Any CPU
		{115F0E07-07D9-48F0-8B2C-FAC307DF9012}.Release (PDB)|x86.Build.0 = Release|Any CPU
		{115F0E07-07D9-48F0-8B2C-FAC307DF9012}.Release|Any CPU.ActiveCfg = Release|Any CPU
		{115F0E07-07D9-48F0-8B2C-FAC307DF9012}.Release|Any CPU.Build.0 = Release|Any CPU
		{115F0E07-07D9-48F0-8B2C-FAC307DF9012}.Release|x64.ActiveCfg = Release|Any CPU
		{115F0E07-07D9-48F0-8B2C-FAC307DF9012}.Release|x64.Build.0 = Release|Any CPU
		{115F0E07-07D9-48F0-8B2C-FAC307DF9012}.Release|x86.ActiveCfg = Release|Any CPU
		{115F0E07-07D9-48F0-8B2C-FAC307DF9012}.Release|x86.Build.0 = Release|Any CPU
	EndGlobalSection
	GlobalSection(SolutionProperties) = preSolution
		HideSolutionNode = FALSE
	EndGlobalSection
	GlobalSection(NestedProjects) = preSolution
		{9C573AEB-88D5-49C6-89FA-307758EC2FD3} = {67E20A75-0CCC-4DD8-BCF8-831D76A916C6}
		{8608A197-DB55-496C-9C72-7F29E11A55F9} = {67E20A75-0CCC-4DD8-BCF8-831D76A916C6}
		{5BA0588E-12CA-470A-8FB1-2D581E63A17C} = {67E20A75-0CCC-4DD8-BCF8-831D76A916C6}
		{115F0E07-07D9-48F0-8B2C-FAC307DF9012} = {67E20A75-0CCC-4DD8-BCF8-831D76A916C6}
	EndGlobalSection
	GlobalSection(ExtensibilityGlobals) = postSolution
		SolutionGuid = {AB3338C3-8F2B-4EB7-A11D-BAE260973036}
		EnterpriseLibraryConfigurationToolBinariesPath = packages\Unity.2.1.505.0\lib\NET35;packages\Unity.2.1.505.2\lib\NET35
	EndGlobalSection
EndGlobal
