
Microsoft Visual Studio Solution File, Format Version 12.00
# Visual Studio 15
VisualStudioVersion = 15.0.26430.14
MinimumVisualStudioVersion = 10.0.40219.1
Project("{FAE04EC0-301F-11D3-BF4B-00C04F79EFBC}") = "Prime.Ui.Wpf", "Prime.Ui\Wpf\Prime.Ui.Wpf.csproj", "{9C573AEB-88D5-49C6-89FA-307758EC2FD3}"
EndProject
Project("{FAE04EC0-301F-11D3-BF4B-00C04F79EFBC}") = "Prime.Core", "Prime.Core\Prime.Core.csproj", "{A593F034-8FD1-4A22-9A83-98C204A6819B}"
EndProject
Project("{FAE04EC0-301F-11D3-BF4B-00C04F79EFBC}") = "Prime.Utility", "Prime.Utility\Prime.Utility.csproj", "{3CD6E69D-868E-41BB-A168-CFCBEEDAFC73}"
EndProject
Project("{FAE04EC0-301F-11D3-BF4B-00C04F79EFBC}") = "Prime.Plugins", "Prime.Plugins\Prime.Plugins.csproj", "{4EED0C4F-A8D7-476D-A565-DC64BE928613}"
EndProject
Project("{FAE04EC0-301F-11D3-BF4B-00C04F79EFBC}") = "Prime.Chat", "Prime.Chat\Prime.Chat.csproj", "{7FBB0641-7015-4209-A1E8-81FA060911BE}"
EndProject
Project("{FAE04EC0-301F-11D3-BF4B-00C04F79EFBC}") = "Prime.Radiant", "Prime.Radiant\Prime.Radiant\Prime.Radiant.csproj", "{DED1038D-B3C8-4BB2-868D-AD3A00535F8B}"
EndProject
Project("{FAE04EC0-301F-11D3-BF4B-00C04F79EFBC}") = "Prime.TestConsole", "Prime.TestConsole\Prime.TestConsole.csproj", "{8608A197-DB55-496C-9C72-7F29E11A55F9}"
EndProject
Project("{FAE04EC0-301F-11D3-BF4B-00C04F79EFBC}") = "Prime.Spark", "Prime.Radiant\Prime.Spark\Prime.Spark.csproj", "{2664AFFA-C342-46AB-AA68-2AF51EFD18F4}"
EndProject
Project("{FAE04EC0-301F-11D3-BF4B-00C04F79EFBC}") = "Prime.Tests", "Prime.Tests\Prime.Tests.csproj", "{36A24508-F6D8-4AC5-99CF-22F262EB9988}"
EndProject
Global
	GlobalSection(SolutionConfigurationPlatforms) = preSolution
		Debug_NoCache|Any CPU = Debug_NoCache|Any CPU
		Debug_NoCache|x64 = Debug_NoCache|x64
		Debug_NoCache|x86 = Debug_NoCache|x86
		Debug|Any CPU = Debug|Any CPU
		Debug|x64 = Debug|x64
		Debug|x86 = Debug|x86
		Release (PDB)|Any CPU = Release (PDB)|Any CPU
		Release (PDB)|x64 = Release (PDB)|x64
		Release (PDB)|x86 = Release (PDB)|x86
		Release|Any CPU = Release|Any CPU
		Release|x64 = Release|x64
		Release|x86 = Release|x86
	EndGlobalSection
	GlobalSection(ProjectConfigurationPlatforms) = postSolution
		{9C573AEB-88D5-49C6-89FA-307758EC2FD3}.Debug_NoCache|Any CPU.ActiveCfg = Debug|Any CPU
		{9C573AEB-88D5-49C6-89FA-307758EC2FD3}.Debug_NoCache|Any CPU.Build.0 = Debug|Any CPU
		{9C573AEB-88D5-49C6-89FA-307758EC2FD3}.Debug_NoCache|x64.ActiveCfg = Debug|Any CPU
		{9C573AEB-88D5-49C6-89FA-307758EC2FD3}.Debug_NoCache|x64.Build.0 = Debug|Any CPU
		{9C573AEB-88D5-49C6-89FA-307758EC2FD3}.Debug_NoCache|x86.ActiveCfg = Debug|Any CPU
		{9C573AEB-88D5-49C6-89FA-307758EC2FD3}.Debug_NoCache|x86.Build.0 = Debug|Any CPU
		{9C573AEB-88D5-49C6-89FA-307758EC2FD3}.Debug|Any CPU.ActiveCfg = Debug|Any CPU
		{9C573AEB-88D5-49C6-89FA-307758EC2FD3}.Debug|Any CPU.Build.0 = Debug|Any CPU
		{9C573AEB-88D5-49C6-89FA-307758EC2FD3}.Debug|x64.ActiveCfg = Debug|Any CPU
		{9C573AEB-88D5-49C6-89FA-307758EC2FD3}.Debug|x64.Build.0 = Debug|Any CPU
		{9C573AEB-88D5-49C6-89FA-307758EC2FD3}.Debug|x86.ActiveCfg = Debug|Any CPU
		{9C573AEB-88D5-49C6-89FA-307758EC2FD3}.Debug|x86.Build.0 = Debug|Any CPU
		{9C573AEB-88D5-49C6-89FA-307758EC2FD3}.Release (PDB)|Any CPU.ActiveCfg = Release|Any CPU
		{9C573AEB-88D5-49C6-89FA-307758EC2FD3}.Release (PDB)|Any CPU.Build.0 = Release|Any CPU
		{9C573AEB-88D5-49C6-89FA-307758EC2FD3}.Release (PDB)|x64.ActiveCfg = Release|Any CPU
		{9C573AEB-88D5-49C6-89FA-307758EC2FD3}.Release (PDB)|x64.Build.0 = Release|Any CPU
		{9C573AEB-88D5-49C6-89FA-307758EC2FD3}.Release (PDB)|x86.ActiveCfg = Release|Any CPU
		{9C573AEB-88D5-49C6-89FA-307758EC2FD3}.Release (PDB)|x86.Build.0 = Release|Any CPU
		{9C573AEB-88D5-49C6-89FA-307758EC2FD3}.Release|Any CPU.ActiveCfg = Release|Any CPU
		{9C573AEB-88D5-49C6-89FA-307758EC2FD3}.Release|Any CPU.Build.0 = Release|Any CPU
		{9C573AEB-88D5-49C6-89FA-307758EC2FD3}.Release|x64.ActiveCfg = Release|Any CPU
		{9C573AEB-88D5-49C6-89FA-307758EC2FD3}.Release|x64.Build.0 = Release|Any CPU
		{9C573AEB-88D5-49C6-89FA-307758EC2FD3}.Release|x86.ActiveCfg = Release|Any CPU
		{9C573AEB-88D5-49C6-89FA-307758EC2FD3}.Release|x86.Build.0 = Release|Any CPU
		{A593F034-8FD1-4A22-9A83-98C204A6819B}.Debug_NoCache|Any CPU.ActiveCfg = Debug|Any CPU
		{A593F034-8FD1-4A22-9A83-98C204A6819B}.Debug_NoCache|Any CPU.Build.0 = Debug|Any CPU
		{A593F034-8FD1-4A22-9A83-98C204A6819B}.Debug_NoCache|x64.ActiveCfg = Debug|Any CPU
		{A593F034-8FD1-4A22-9A83-98C204A6819B}.Debug_NoCache|x64.Build.0 = Debug|Any CPU
		{A593F034-8FD1-4A22-9A83-98C204A6819B}.Debug_NoCache|x86.ActiveCfg = Debug|Any CPU
		{A593F034-8FD1-4A22-9A83-98C204A6819B}.Debug_NoCache|x86.Build.0 = Debug|Any CPU
		{A593F034-8FD1-4A22-9A83-98C204A6819B}.Debug|Any CPU.ActiveCfg = Debug|Any CPU
		{A593F034-8FD1-4A22-9A83-98C204A6819B}.Debug|Any CPU.Build.0 = Debug|Any CPU
		{A593F034-8FD1-4A22-9A83-98C204A6819B}.Debug|x64.ActiveCfg = Debug|Any CPU
		{A593F034-8FD1-4A22-9A83-98C204A6819B}.Debug|x64.Build.0 = Debug|Any CPU
		{A593F034-8FD1-4A22-9A83-98C204A6819B}.Debug|x86.ActiveCfg = Debug|Any CPU
		{A593F034-8FD1-4A22-9A83-98C204A6819B}.Debug|x86.Build.0 = Debug|Any CPU
		{A593F034-8FD1-4A22-9A83-98C204A6819B}.Release (PDB)|Any CPU.ActiveCfg = Release|Any CPU
		{A593F034-8FD1-4A22-9A83-98C204A6819B}.Release (PDB)|Any CPU.Build.0 = Release|Any CPU
		{A593F034-8FD1-4A22-9A83-98C204A6819B}.Release (PDB)|x64.ActiveCfg = Release|Any CPU
		{A593F034-8FD1-4A22-9A83-98C204A6819B}.Release (PDB)|x64.Build.0 = Release|Any CPU
		{A593F034-8FD1-4A22-9A83-98C204A6819B}.Release (PDB)|x86.ActiveCfg = Release|Any CPU
		{A593F034-8FD1-4A22-9A83-98C204A6819B}.Release (PDB)|x86.Build.0 = Release|Any CPU
		{A593F034-8FD1-4A22-9A83-98C204A6819B}.Release|Any CPU.ActiveCfg = Release|Any CPU
		{A593F034-8FD1-4A22-9A83-98C204A6819B}.Release|Any CPU.Build.0 = Release|Any CPU
		{A593F034-8FD1-4A22-9A83-98C204A6819B}.Release|x64.ActiveCfg = Release|Any CPU
		{A593F034-8FD1-4A22-9A83-98C204A6819B}.Release|x64.Build.0 = Release|Any CPU
		{A593F034-8FD1-4A22-9A83-98C204A6819B}.Release|x86.ActiveCfg = Release|Any CPU
		{A593F034-8FD1-4A22-9A83-98C204A6819B}.Release|x86.Build.0 = Release|Any CPU
		{3CD6E69D-868E-41BB-A168-CFCBEEDAFC73}.Debug_NoCache|Any CPU.ActiveCfg = Debug|Any CPU
		{3CD6E69D-868E-41BB-A168-CFCBEEDAFC73}.Debug_NoCache|Any CPU.Build.0 = Debug|Any CPU
		{3CD6E69D-868E-41BB-A168-CFCBEEDAFC73}.Debug_NoCache|x64.ActiveCfg = Debug|Any CPU
		{3CD6E69D-868E-41BB-A168-CFCBEEDAFC73}.Debug_NoCache|x64.Build.0 = Debug|Any CPU
		{3CD6E69D-868E-41BB-A168-CFCBEEDAFC73}.Debug_NoCache|x86.ActiveCfg = Debug|Any CPU
		{3CD6E69D-868E-41BB-A168-CFCBEEDAFC73}.Debug_NoCache|x86.Build.0 = Debug|Any CPU
		{3CD6E69D-868E-41BB-A168-CFCBEEDAFC73}.Debug|Any CPU.ActiveCfg = Debug|Any CPU
		{3CD6E69D-868E-41BB-A168-CFCBEEDAFC73}.Debug|Any CPU.Build.0 = Debug|Any CPU
		{3CD6E69D-868E-41BB-A168-CFCBEEDAFC73}.Debug|x64.ActiveCfg = Debug|Any CPU
		{3CD6E69D-868E-41BB-A168-CFCBEEDAFC73}.Debug|x64.Build.0 = Debug|Any CPU
		{3CD6E69D-868E-41BB-A168-CFCBEEDAFC73}.Debug|x86.ActiveCfg = Debug|Any CPU
		{3CD6E69D-868E-41BB-A168-CFCBEEDAFC73}.Debug|x86.Build.0 = Debug|Any CPU
		{3CD6E69D-868E-41BB-A168-CFCBEEDAFC73}.Release (PDB)|Any CPU.ActiveCfg = Release|Any CPU
		{3CD6E69D-868E-41BB-A168-CFCBEEDAFC73}.Release (PDB)|Any CPU.Build.0 = Release|Any CPU
		{3CD6E69D-868E-41BB-A168-CFCBEEDAFC73}.Release (PDB)|x64.ActiveCfg = Release|Any CPU
		{3CD6E69D-868E-41BB-A168-CFCBEEDAFC73}.Release (PDB)|x64.Build.0 = Release|Any CPU
		{3CD6E69D-868E-41BB-A168-CFCBEEDAFC73}.Release (PDB)|x86.ActiveCfg = Release|Any CPU
		{3CD6E69D-868E-41BB-A168-CFCBEEDAFC73}.Release (PDB)|x86.Build.0 = Release|Any CPU
		{3CD6E69D-868E-41BB-A168-CFCBEEDAFC73}.Release|Any CPU.ActiveCfg = Release|Any CPU
		{3CD6E69D-868E-41BB-A168-CFCBEEDAFC73}.Release|Any CPU.Build.0 = Release|Any CPU
		{3CD6E69D-868E-41BB-A168-CFCBEEDAFC73}.Release|x64.ActiveCfg = Release|Any CPU
		{3CD6E69D-868E-41BB-A168-CFCBEEDAFC73}.Release|x64.Build.0 = Release|Any CPU
		{3CD6E69D-868E-41BB-A168-CFCBEEDAFC73}.Release|x86.ActiveCfg = Release|Any CPU
		{3CD6E69D-868E-41BB-A168-CFCBEEDAFC73}.Release|x86.Build.0 = Release|Any CPU
		{4EED0C4F-A8D7-476D-A565-DC64BE928613}.Debug_NoCache|Any CPU.ActiveCfg = Debug|Any CPU
		{4EED0C4F-A8D7-476D-A565-DC64BE928613}.Debug_NoCache|Any CPU.Build.0 = Debug|Any CPU
		{4EED0C4F-A8D7-476D-A565-DC64BE928613}.Debug_NoCache|x64.ActiveCfg = Debug|Any CPU
		{4EED0C4F-A8D7-476D-A565-DC64BE928613}.Debug_NoCache|x64.Build.0 = Debug|Any CPU
		{4EED0C4F-A8D7-476D-A565-DC64BE928613}.Debug_NoCache|x86.ActiveCfg = Debug|Any CPU
		{4EED0C4F-A8D7-476D-A565-DC64BE928613}.Debug_NoCache|x86.Build.0 = Debug|Any CPU
		{4EED0C4F-A8D7-476D-A565-DC64BE928613}.Debug|Any CPU.ActiveCfg = Debug|Any CPU
		{4EED0C4F-A8D7-476D-A565-DC64BE928613}.Debug|Any CPU.Build.0 = Debug|Any CPU
		{4EED0C4F-A8D7-476D-A565-DC64BE928613}.Debug|x64.ActiveCfg = Debug|Any CPU
		{4EED0C4F-A8D7-476D-A565-DC64BE928613}.Debug|x64.Build.0 = Debug|Any CPU
		{4EED0C4F-A8D7-476D-A565-DC64BE928613}.Debug|x86.ActiveCfg = Debug|Any CPU
		{4EED0C4F-A8D7-476D-A565-DC64BE928613}.Debug|x86.Build.0 = Debug|Any CPU
		{4EED0C4F-A8D7-476D-A565-DC64BE928613}.Release (PDB)|Any CPU.ActiveCfg = Release|Any CPU
		{4EED0C4F-A8D7-476D-A565-DC64BE928613}.Release (PDB)|Any CPU.Build.0 = Release|Any CPU
		{4EED0C4F-A8D7-476D-A565-DC64BE928613}.Release (PDB)|x64.ActiveCfg = Release|Any CPU
		{4EED0C4F-A8D7-476D-A565-DC64BE928613}.Release (PDB)|x64.Build.0 = Release|Any CPU
		{4EED0C4F-A8D7-476D-A565-DC64BE928613}.Release (PDB)|x86.ActiveCfg = Release|Any CPU
		{4EED0C4F-A8D7-476D-A565-DC64BE928613}.Release (PDB)|x86.Build.0 = Release|Any CPU
		{4EED0C4F-A8D7-476D-A565-DC64BE928613}.Release|Any CPU.ActiveCfg = Release|Any CPU
		{4EED0C4F-A8D7-476D-A565-DC64BE928613}.Release|Any CPU.Build.0 = Release|Any CPU
		{4EED0C4F-A8D7-476D-A565-DC64BE928613}.Release|x64.ActiveCfg = Release|Any CPU
		{4EED0C4F-A8D7-476D-A565-DC64BE928613}.Release|x64.Build.0 = Release|Any CPU
		{4EED0C4F-A8D7-476D-A565-DC64BE928613}.Release|x86.ActiveCfg = Release|Any CPU
		{4EED0C4F-A8D7-476D-A565-DC64BE928613}.Release|x86.Build.0 = Release|Any CPU
		{7FBB0641-7015-4209-A1E8-81FA060911BE}.Debug_NoCache|Any CPU.ActiveCfg = Debug|Any CPU
		{7FBB0641-7015-4209-A1E8-81FA060911BE}.Debug_NoCache|Any CPU.Build.0 = Debug|Any CPU
		{7FBB0641-7015-4209-A1E8-81FA060911BE}.Debug_NoCache|x64.ActiveCfg = Debug|Any CPU
		{7FBB0641-7015-4209-A1E8-81FA060911BE}.Debug_NoCache|x64.Build.0 = Debug|Any CPU
		{7FBB0641-7015-4209-A1E8-81FA060911BE}.Debug_NoCache|x86.ActiveCfg = Debug|Any CPU
		{7FBB0641-7015-4209-A1E8-81FA060911BE}.Debug_NoCache|x86.Build.0 = Debug|Any CPU
		{7FBB0641-7015-4209-A1E8-81FA060911BE}.Debug|Any CPU.ActiveCfg = Debug|Any CPU
		{7FBB0641-7015-4209-A1E8-81FA060911BE}.Debug|x64.ActiveCfg = Debug|Any CPU
		{7FBB0641-7015-4209-A1E8-81FA060911BE}.Debug|x64.Build.0 = Debug|Any CPU
		{7FBB0641-7015-4209-A1E8-81FA060911BE}.Debug|x86.ActiveCfg = Debug|Any CPU
		{7FBB0641-7015-4209-A1E8-81FA060911BE}.Debug|x86.Build.0 = Debug|Any CPU
		{7FBB0641-7015-4209-A1E8-81FA060911BE}.Release (PDB)|Any CPU.ActiveCfg = Release|Any CPU
		{7FBB0641-7015-4209-A1E8-81FA060911BE}.Release (PDB)|Any CPU.Build.0 = Release|Any CPU
		{7FBB0641-7015-4209-A1E8-81FA060911BE}.Release (PDB)|x64.ActiveCfg = Release|Any CPU
		{7FBB0641-7015-4209-A1E8-81FA060911BE}.Release (PDB)|x64.Build.0 = Release|Any CPU
		{7FBB0641-7015-4209-A1E8-81FA060911BE}.Release (PDB)|x86.ActiveCfg = Release|Any CPU
		{7FBB0641-7015-4209-A1E8-81FA060911BE}.Release (PDB)|x86.Build.0 = Release|Any CPU
		{7FBB0641-7015-4209-A1E8-81FA060911BE}.Release|Any CPU.ActiveCfg = Release|Any CPU
		{7FBB0641-7015-4209-A1E8-81FA060911BE}.Release|Any CPU.Build.0 = Release|Any CPU
		{7FBB0641-7015-4209-A1E8-81FA060911BE}.Release|x64.ActiveCfg = Release|Any CPU
		{7FBB0641-7015-4209-A1E8-81FA060911BE}.Release|x64.Build.0 = Release|Any CPU
		{7FBB0641-7015-4209-A1E8-81FA060911BE}.Release|x86.ActiveCfg = Release|Any CPU
		{7FBB0641-7015-4209-A1E8-81FA060911BE}.Release|x86.Build.0 = Release|Any CPU
		{DED1038D-B3C8-4BB2-868D-AD3A00535F8B}.Debug_NoCache|Any CPU.ActiveCfg = Debug|Any CPU
		{DED1038D-B3C8-4BB2-868D-AD3A00535F8B}.Debug_NoCache|Any CPU.Build.0 = Debug|Any CPU
		{DED1038D-B3C8-4BB2-868D-AD3A00535F8B}.Debug_NoCache|x64.ActiveCfg = Debug|Any CPU
		{DED1038D-B3C8-4BB2-868D-AD3A00535F8B}.Debug_NoCache|x64.Build.0 = Debug|Any CPU
		{DED1038D-B3C8-4BB2-868D-AD3A00535F8B}.Debug_NoCache|x86.ActiveCfg = Debug|Any CPU
		{DED1038D-B3C8-4BB2-868D-AD3A00535F8B}.Debug_NoCache|x86.Build.0 = Debug|Any CPU
		{DED1038D-B3C8-4BB2-868D-AD3A00535F8B}.Debug|Any CPU.ActiveCfg = Debug|Any CPU
		{DED1038D-B3C8-4BB2-868D-AD3A00535F8B}.Debug|Any CPU.Build.0 = Debug|Any CPU
		{DED1038D-B3C8-4BB2-868D-AD3A00535F8B}.Debug|x64.ActiveCfg = Debug|Any CPU
		{DED1038D-B3C8-4BB2-868D-AD3A00535F8B}.Debug|x64.Build.0 = Debug|Any CPU
		{DED1038D-B3C8-4BB2-868D-AD3A00535F8B}.Debug|x86.ActiveCfg = Debug|Any CPU
		{DED1038D-B3C8-4BB2-868D-AD3A00535F8B}.Debug|x86.Build.0 = Debug|Any CPU
		{DED1038D-B3C8-4BB2-868D-AD3A00535F8B}.Release (PDB)|Any CPU.ActiveCfg = Release|Any CPU
		{DED1038D-B3C8-4BB2-868D-AD3A00535F8B}.Release (PDB)|Any CPU.Build.0 = Release|Any CPU
		{DED1038D-B3C8-4BB2-868D-AD3A00535F8B}.Release (PDB)|x64.ActiveCfg = Release|Any CPU
		{DED1038D-B3C8-4BB2-868D-AD3A00535F8B}.Release (PDB)|x64.Build.0 = Release|Any CPU
		{DED1038D-B3C8-4BB2-868D-AD3A00535F8B}.Release (PDB)|x86.ActiveCfg = Release|Any CPU
		{DED1038D-B3C8-4BB2-868D-AD3A00535F8B}.Release (PDB)|x86.Build.0 = Release|Any CPU
		{DED1038D-B3C8-4BB2-868D-AD3A00535F8B}.Release|Any CPU.ActiveCfg = Release|Any CPU
		{DED1038D-B3C8-4BB2-868D-AD3A00535F8B}.Release|Any CPU.Build.0 = Release|Any CPU
		{DED1038D-B3C8-4BB2-868D-AD3A00535F8B}.Release|x64.ActiveCfg = Release|Any CPU
		{DED1038D-B3C8-4BB2-868D-AD3A00535F8B}.Release|x64.Build.0 = Release|Any CPU
		{DED1038D-B3C8-4BB2-868D-AD3A00535F8B}.Release|x86.ActiveCfg = Release|Any CPU
		{DED1038D-B3C8-4BB2-868D-AD3A00535F8B}.Release|x86.Build.0 = Release|Any CPU
		{8608A197-DB55-496C-9C72-7F29E11A55F9}.Debug_NoCache|Any CPU.ActiveCfg = Debug|Any CPU
		{8608A197-DB55-496C-9C72-7F29E11A55F9}.Debug_NoCache|Any CPU.Build.0 = Debug|Any CPU
		{8608A197-DB55-496C-9C72-7F29E11A55F9}.Debug_NoCache|x64.ActiveCfg = Debug|Any CPU
		{8608A197-DB55-496C-9C72-7F29E11A55F9}.Debug_NoCache|x64.Build.0 = Debug|Any CPU
		{8608A197-DB55-496C-9C72-7F29E11A55F9}.Debug_NoCache|x86.ActiveCfg = Debug|Any CPU
		{8608A197-DB55-496C-9C72-7F29E11A55F9}.Debug_NoCache|x86.Build.0 = Debug|Any CPU
		{8608A197-DB55-496C-9C72-7F29E11A55F9}.Debug|Any CPU.ActiveCfg = Debug|Any CPU
		{8608A197-DB55-496C-9C72-7F29E11A55F9}.Debug|Any CPU.Build.0 = Debug|Any CPU
		{8608A197-DB55-496C-9C72-7F29E11A55F9}.Debug|x64.ActiveCfg = Debug|Any CPU
		{8608A197-DB55-496C-9C72-7F29E11A55F9}.Debug|x64.Build.0 = Debug|Any CPU
		{8608A197-DB55-496C-9C72-7F29E11A55F9}.Debug|x86.ActiveCfg = Debug|Any CPU
		{8608A197-DB55-496C-9C72-7F29E11A55F9}.Debug|x86.Build.0 = Debug|Any CPU
		{8608A197-DB55-496C-9C72-7F29E11A55F9}.Release (PDB)|Any CPU.ActiveCfg = Release|Any CPU
		{8608A197-DB55-496C-9C72-7F29E11A55F9}.Release (PDB)|Any CPU.Build.0 = Release|Any CPU
		{8608A197-DB55-496C-9C72-7F29E11A55F9}.Release (PDB)|x64.ActiveCfg = Release|Any CPU
		{8608A197-DB55-496C-9C72-7F29E11A55F9}.Release (PDB)|x64.Build.0 = Release|Any CPU
		{8608A197-DB55-496C-9C72-7F29E11A55F9}.Release (PDB)|x86.ActiveCfg = Release|Any CPU
		{8608A197-DB55-496C-9C72-7F29E11A55F9}.Release (PDB)|x86.Build.0 = Release|Any CPU
		{8608A197-DB55-496C-9C72-7F29E11A55F9}.Release|Any CPU.ActiveCfg = Release|Any CPU
		{8608A197-DB55-496C-9C72-7F29E11A55F9}.Release|Any CPU.Build.0 = Release|Any CPU
		{8608A197-DB55-496C-9C72-7F29E11A55F9}.Release|x64.ActiveCfg = Release|Any CPU
		{8608A197-DB55-496C-9C72-7F29E11A55F9}.Release|x64.Build.0 = Release|Any CPU
		{8608A197-DB55-496C-9C72-7F29E11A55F9}.Release|x86.ActiveCfg = Release|Any CPU
		{8608A197-DB55-496C-9C72-7F29E11A55F9}.Release|x86.Build.0 = Release|Any CPU
		{2664AFFA-C342-46AB-AA68-2AF51EFD18F4}.Debug_NoCache|Any CPU.ActiveCfg = Debug (Remote)|Any CPU
		{2664AFFA-C342-46AB-AA68-2AF51EFD18F4}.Debug_NoCache|Any CPU.Build.0 = Debug (Remote)|Any CPU
		{2664AFFA-C342-46AB-AA68-2AF51EFD18F4}.Debug_NoCache|x64.ActiveCfg = Debug (Remote)|Any CPU
		{2664AFFA-C342-46AB-AA68-2AF51EFD18F4}.Debug_NoCache|x64.Build.0 = Debug (Remote)|Any CPU
		{2664AFFA-C342-46AB-AA68-2AF51EFD18F4}.Debug_NoCache|x86.ActiveCfg = Debug (Remote)|Any CPU
		{2664AFFA-C342-46AB-AA68-2AF51EFD18F4}.Debug_NoCache|x86.Build.0 = Debug (Remote)|Any CPU
		{2664AFFA-C342-46AB-AA68-2AF51EFD18F4}.Debug|Any CPU.ActiveCfg = Debug|Any CPU
		{2664AFFA-C342-46AB-AA68-2AF51EFD18F4}.Debug|x64.ActiveCfg = Debug|Any CPU
		{2664AFFA-C342-46AB-AA68-2AF51EFD18F4}.Debug|x64.Build.0 = Debug|Any CPU
		{2664AFFA-C342-46AB-AA68-2AF51EFD18F4}.Debug|x86.ActiveCfg = Debug|Any CPU
		{2664AFFA-C342-46AB-AA68-2AF51EFD18F4}.Debug|x86.Build.0 = Debug|Any CPU
		{2664AFFA-C342-46AB-AA68-2AF51EFD18F4}.Release (PDB)|Any CPU.ActiveCfg = Release|Any CPU
		{2664AFFA-C342-46AB-AA68-2AF51EFD18F4}.Release (PDB)|Any CPU.Build.0 = Release|Any CPU
		{2664AFFA-C342-46AB-AA68-2AF51EFD18F4}.Release (PDB)|x64.ActiveCfg = Release|Any CPU
		{2664AFFA-C342-46AB-AA68-2AF51EFD18F4}.Release (PDB)|x64.Build.0 = Release|Any CPU
		{2664AFFA-C342-46AB-AA68-2AF51EFD18F4}.Release (PDB)|x86.ActiveCfg = Release|Any CPU
		{2664AFFA-C342-46AB-AA68-2AF51EFD18F4}.Release (PDB)|x86.Build.0 = Release|Any CPU
		{2664AFFA-C342-46AB-AA68-2AF51EFD18F4}.Release|Any CPU.ActiveCfg = Release|Any CPU
		{2664AFFA-C342-46AB-AA68-2AF51EFD18F4}.Release|Any CPU.Build.0 = Release|Any CPU
		{2664AFFA-C342-46AB-AA68-2AF51EFD18F4}.Release|x64.ActiveCfg = Release|Any CPU
		{2664AFFA-C342-46AB-AA68-2AF51EFD18F4}.Release|x64.Build.0 = Release|Any CPU
		{2664AFFA-C342-46AB-AA68-2AF51EFD18F4}.Release|x86.ActiveCfg = Release|Any CPU
		{2664AFFA-C342-46AB-AA68-2AF51EFD18F4}.Release|x86.Build.0 = Release|Any CPU
		{36A24508-F6D8-4AC5-99CF-22F262EB9988}.Debug_NoCache|Any CPU.ActiveCfg = Debug|Any CPU
		{36A24508-F6D8-4AC5-99CF-22F262EB9988}.Debug_NoCache|Any CPU.Build.0 = Debug|Any CPU
		{36A24508-F6D8-4AC5-99CF-22F262EB9988}.Debug_NoCache|x64.ActiveCfg = Debug|Any CPU
		{36A24508-F6D8-4AC5-99CF-22F262EB9988}.Debug_NoCache|x64.Build.0 = Debug|Any CPU
		{36A24508-F6D8-4AC5-99CF-22F262EB9988}.Debug_NoCache|x86.ActiveCfg = Debug|Any CPU
		{36A24508-F6D8-4AC5-99CF-22F262EB9988}.Debug_NoCache|x86.Build.0 = Debug|Any CPU
		{36A24508-F6D8-4AC5-99CF-22F262EB9988}.Debug|Any CPU.ActiveCfg = Debug|Any CPU
		{36A24508-F6D8-4AC5-99CF-22F262EB9988}.Debug|Any CPU.Build.0 = Debug|Any CPU
		{36A24508-F6D8-4AC5-99CF-22F262EB9988}.Debug|x64.ActiveCfg = Debug|Any CPU
		{36A24508-F6D8-4AC5-99CF-22F262EB9988}.Debug|x64.Build.0 = Debug|Any CPU
		{36A24508-F6D8-4AC5-99CF-22F262EB9988}.Debug|x86.ActiveCfg = Debug|Any CPU
		{36A24508-F6D8-4AC5-99CF-22F262EB9988}.Debug|x86.Build.0 = Debug|Any CPU
		{36A24508-F6D8-4AC5-99CF-22F262EB9988}.Release (PDB)|Any CPU.ActiveCfg = Release|Any CPU
		{36A24508-F6D8-4AC5-99CF-22F262EB9988}.Release (PDB)|Any CPU.Build.0 = Release|Any CPU
		{36A24508-F6D8-4AC5-99CF-22F262EB9988}.Release (PDB)|x64.ActiveCfg = Release|Any CPU
		{36A24508-F6D8-4AC5-99CF-22F262EB9988}.Release (PDB)|x64.Build.0 = Release|Any CPU
		{36A24508-F6D8-4AC5-99CF-22F262EB9988}.Release (PDB)|x86.ActiveCfg = Release|Any CPU
		{36A24508-F6D8-4AC5-99CF-22F262EB9988}.Release (PDB)|x86.Build.0 = Release|Any CPU
		{36A24508-F6D8-4AC5-99CF-22F262EB9988}.Release|Any CPU.ActiveCfg = Release|Any CPU
		{36A24508-F6D8-4AC5-99CF-22F262EB9988}.Release|Any CPU.Build.0 = Release|Any CPU
		{36A24508-F6D8-4AC5-99CF-22F262EB9988}.Release|x64.ActiveCfg = Release|Any CPU
		{36A24508-F6D8-4AC5-99CF-22F262EB9988}.Release|x64.Build.0 = Release|Any CPU
		{36A24508-F6D8-4AC5-99CF-22F262EB9988}.Release|x86.ActiveCfg = Release|Any CPU
		{36A24508-F6D8-4AC5-99CF-22F262EB9988}.Release|x86.Build.0 = Release|Any CPU
	EndGlobalSection
	GlobalSection(SolutionProperties) = preSolution
		HideSolutionNode = FALSE
	EndGlobalSection
	GlobalSection(ExtensibilityGlobals) = postSolution
		EnterpriseLibraryConfigurationToolBinariesPath = packages\Unity.2.1.505.0\lib\NET35;packages\Unity.2.1.505.2\lib\NET35
	EndGlobalSection
EndGlobal
